
Microsoft Visual Studio Solution File, Format Version 12.00
# Visual Studio 15
VisualStudioVersion = 15.0.28307.572
MinimumVisualStudioVersion = 10.0.40219.1
Project("{2150E333-8FDC-42A3-9474-1A3956D46DE8}") = "Framework", "Framework", "{2DA87739-99DC-4563-AF40-C11CCFB33A20}"
EndProject
Project("{2150E333-8FDC-42A3-9474-1A3956D46DE8}") = "Services", "Services", "{880E48F2-73D1-4FDB-A22F-713823B34F38}"
EndProject
Project("{2150E333-8FDC-42A3-9474-1A3956D46DE8}") = "Domain", "Domain", "{E0F94065-2A90-4A28-ABD7-9B1CDDB9A222}"
EndProject
Project("{2150E333-8FDC-42A3-9474-1A3956D46DE8}") = "Application", "Application", "{0964EABC-FFF5-44D9-BF77-E773CBEB8294}"
EndProject
Project("{2150E333-8FDC-42A3-9474-1A3956D46DE8}") = "Driver", "Driver", "{FC5EC75E-CE96-42D4-BC4B-6EA7D69E41BC}"
EndProject
Project("{2150E333-8FDC-42A3-9474-1A3956D46DE8}") = "API", "API", "{12EC22D4-628E-4958-AC6C-4FB62A747713}"
EndProject
Project("{2150E333-8FDC-42A3-9474-1A3956D46DE8}") = "Worker", "Worker", "{29CC6D59-F625-4D8C-80CF-F5CBA7D3F58B}"
EndProject
Project("{FAE04EC0-301F-11D3-BF4B-00C04F79EFBC}") = "SampleBank.Domain", "SampleBank.Domain\SampleBank.Domain.csproj", "{26521525-0B54-44AC-9796-746C155F5EEF}"
EndProject
Project("{FAE04EC0-301F-11D3-BF4B-00C04F79EFBC}") = "SampleBank.Application", "SampleBank.Application\SampleBank.Application.csproj", "{78B18B60-018A-47BF-B3D1-CF7341512430}"
EndProject
Project("{FAE04EC0-301F-11D3-BF4B-00C04F79EFBC}") = "SampleBank.Infra.Repository", "SampleBank.Repository\SampleBank.Infra.Repository.csproj", "{046B9423-A260-414E-B559-D108CDF3BEA0}"
EndProject
Project("{FAE04EC0-301F-11D3-BF4B-00C04F79EFBC}") = "SampleBank.Crosscuting.IoC", "SampleBank.Crosscuting.IoC\SampleBank.Crosscuting.IoC.csproj", "{EBA123E3-10C9-4E8C-A55E-C978203F570F}"
EndProject
Project("{FAE04EC0-301F-11D3-BF4B-00C04F79EFBC}") = "SampleBank.API", "SampleBank.API\SampleBank.API.csproj", "{30FAA8C9-39F2-4DFB-8791-BC5E2857ACE4}"
EndProject
Global
	GlobalSection(SolutionConfigurationPlatforms) = preSolution
		Debug|Any CPU = Debug|Any CPU
		Release|Any CPU = Release|Any CPU
	EndGlobalSection
	GlobalSection(ProjectConfigurationPlatforms) = postSolution
		{26521525-0B54-44AC-9796-746C155F5EEF}.Debug|Any CPU.ActiveCfg = Debug|Any CPU
		{26521525-0B54-44AC-9796-746C155F5EEF}.Debug|Any CPU.Build.0 = Debug|Any CPU
		{26521525-0B54-44AC-9796-746C155F5EEF}.Release|Any CPU.ActiveCfg = Release|Any CPU
		{26521525-0B54-44AC-9796-746C155F5EEF}.Release|Any CPU.Build.0 = Release|Any CPU
		{78B18B60-018A-47BF-B3D1-CF7341512430}.Debug|Any CPU.ActiveCfg = Debug|Any CPU
		{78B18B60-018A-47BF-B3D1-CF7341512430}.Debug|Any CPU.Build.0 = Debug|Any CPU
		{78B18B60-018A-47BF-B3D1-CF7341512430}.Release|Any CPU.ActiveCfg = Release|Any CPU
		{78B18B60-018A-47BF-B3D1-CF7341512430}.Release|Any CPU.Build.0 = Release|Any CPU
		{046B9423-A260-414E-B559-D108CDF3BEA0}.Debug|Any CPU.ActiveCfg = Debug|Any CPU
		{046B9423-A260-414E-B559-D108CDF3BEA0}.Debug|Any CPU.Build.0 = Debug|Any CPU
		{046B9423-A260-414E-B559-D108CDF3BEA0}.Release|Any CPU.ActiveCfg = Release|Any CPU
		{046B9423-A260-414E-B559-D108CDF3BEA0}.Release|Any CPU.Build.0 = Release|Any CPU
		{EBA123E3-10C9-4E8C-A55E-C978203F570F}.Debug|Any CPU.ActiveCfg = Debug|Any CPU
		{EBA123E3-10C9-4E8C-A55E-C978203F570F}.Debug|Any CPU.Build.0 = Debug|Any CPU
		{EBA123E3-10C9-4E8C-A55E-C978203F570F}.Release|Any CPU.ActiveCfg = Release|Any CPU
		{EBA123E3-10C9-4E8C-A55E-C978203F570F}.Release|Any CPU.Build.0 = Release|Any CPU
		{30FAA8C9-39F2-4DFB-8791-BC5E2857ACE4}.Debug|Any CPU.ActiveCfg = Debug|Any CPU
		{30FAA8C9-39F2-4DFB-8791-BC5E2857ACE4}.Debug|Any CPU.Build.0 = Debug|Any CPU
		{30FAA8C9-39F2-4DFB-8791-BC5E2857ACE4}.Release|Any CPU.ActiveCfg = Release|Any CPU
		{30FAA8C9-39F2-4DFB-8791-BC5E2857ACE4}.Release|Any CPU.Build.0 = Release|Any CPU
	EndGlobalSection
	GlobalSection(SolutionProperties) = preSolution
		HideSolutionNode = FALSE
	EndGlobalSection
	GlobalSection(NestedProjects) = preSolution
		{E0F94065-2A90-4A28-ABD7-9B1CDDB9A222} = {2DA87739-99DC-4563-AF40-C11CCFB33A20}
		{0964EABC-FFF5-44D9-BF77-E773CBEB8294} = {2DA87739-99DC-4563-AF40-C11CCFB33A20}
		{FC5EC75E-CE96-42D4-BC4B-6EA7D69E41BC} = {2DA87739-99DC-4563-AF40-C11CCFB33A20}
		{12EC22D4-628E-4958-AC6C-4FB62A747713} = {880E48F2-73D1-4FDB-A22F-713823B34F38}
		{29CC6D59-F625-4D8C-80CF-F5CBA7D3F58B} = {880E48F2-73D1-4FDB-A22F-713823B34F38}
		{26521525-0B54-44AC-9796-746C155F5EEF} = {E0F94065-2A90-4A28-ABD7-9B1CDDB9A222}
		{78B18B60-018A-47BF-B3D1-CF7341512430} = {0964EABC-FFF5-44D9-BF77-E773CBEB8294}
		{046B9423-A260-414E-B559-D108CDF3BEA0} = {FC5EC75E-CE96-42D4-BC4B-6EA7D69E41BC}
		{EBA123E3-10C9-4E8C-A55E-C978203F570F} = {FC5EC75E-CE96-42D4-BC4B-6EA7D69E41BC}
		{30FAA8C9-39F2-4DFB-8791-BC5E2857ACE4} = {12EC22D4-628E-4958-AC6C-4FB62A747713}
	EndGlobalSection
	GlobalSection(ExtensibilityGlobals) = postSolution
		SolutionGuid = {5FB334A5-F983-45FF-9E5D-D11871EEC4CC}
	EndGlobalSection
EndGlobal
